PODS:
  - FMDB (2.6.2):
    - FMDB/standard (= 2.6.2)
  - FMDB/standard (2.6.2)
  - OLCOrm (1.0.4.2):
    - FMDB

DEPENDENCIES:
  - FMDB
  - OLCOrm (from `../`)

EXTERNAL SOURCES:
  OLCOrm:
    :path: "../"

SPEC CHECKSUMS:
  FMDB: 854a0341b4726e53276f2a8996f06f1b80f9259a
  OLCOrm: 90169988a9363194f0e4d1c13616b70e11017744

COCOAPODS: 0.39.0
