PODS:
  - FMDB (2.6.2):
    - FMDB/standard (= 2.6.2)
  - FMDB/standard (2.6.2)
  - OLCOrm (1.0.5):
    - FMDB

DEPENDENCIES:
  - FMDB
  - OLCOrm (from `../`)

EXTERNAL SOURCES:
  OLCOrm:
    :path: "../"

SPEC CHECKSUMS:
  FMDB: 854a0341b4726e53276f2a8996f06f1b80f9259a
  OLCOrm: 80dcc539ec5ab9cafe459715dc3e5acdb45b1c2d

COCOAPODS: 0.39.0
